
Microsoft Visual Studio Solution File, Format Version 12.00
# Visual Studio Version 16
VisualStudioVersion = 16.0.31911.196
MinimumVisualStudioVersion = 10.0.40219.1
Project("{FAE04EC0-301F-11D3-BF4B-00C04F79EFBC}") = "TradingCards", "TradingCards\TradingCards.csproj", "{C448AD9A-E1A9-4716-9903-B27E71F58664}"
EndProject
Global
	GlobalSection(SolutionConfigurationPlatforms) = preSolution
		Debug|Any CPU = Debug|Any CPU
		Release|Any CPU = Release|Any CPU
	EndGlobalSection
	GlobalSection(ProjectConfigurationPlatforms) = postSolution
		{C448AD9A-E1A9-4716-9903-B27E71F58664}.Debug|Any CPU.ActiveCfg = Debug|Any CPU
		{C448AD9A-E1A9-4716-9903-B27E71F58664}.Debug|Any CPU.Build.0 = Debug|Any CPU
		{C448AD9A-E1A9-4716-9903-B27E71F58664}.Release|Any CPU.ActiveCfg = Release|Any CPU
		{C448AD9A-E1A9-4716-9903-B27E71F58664}.Release|Any CPU.Build.0 = Release|Any CPU
	EndGlobalSection
	GlobalSection(SolutionProperties) = preSolution
		HideSolutionNode = FALSE
	EndGlobalSection
	GlobalSection(ExtensibilityGlobals) = postSolution
		SolutionGuid = {26BD185F-4628-4D21-B449-8E69B0AE35FE}
	EndGlobalSection
EndGlobal
